PODS:
  - Flutter (1.0.0)
  - photo_manager (2.0.0):
    - Flutter
    - FlutterMacOS

DEPENDENCIES:
  - Flutter (from `Flutter`)
  - photo_manager (from `.symlinks/plugins/photo_manager/ios`)

EXTERNAL SOURCES:
  Flutter:
    :path: Flutter
  photo_manager:
    :path: ".symlinks/plugins/photo_manager/ios"

SPEC CHECKSUMS:
  Flutter: 50d75fe2f02b26cc09d224853bb45737f8b3214a
  photo_manager: 4f6810b7dfc4feb03b461ac1a70dacf91fba7604

PODFILE CHECKSUM: aafe91acc616949ddb318b77800a7f51bffa2a4c

COCOAPODS: 1.11.2
